// !$*UTF8*$!
{
	archiveVersion = 1;
	classes = {
	};
	objectVersion = 50;
	objects = {

/* Begin PBXBuildFile section */
		3CACF3F224715BDF0006B75C /* main.c in Sources */ = {isa = PBXBuildFile; fileRef = 3CACF3F124715BDF0006B75C /* main.c */; };
		3CACF3FA24715C2D0006B75C /* headfile1.c in Sources */ = {isa = PBXBuildFile; fileRef = 3CACF3F924715C2D0006B75C /* headfile1.c */; };
		3CACF3FD24715C4F0006B75C /* headfile2.c in Sources */ = {isa = PBXBuildFile; fileRef = 3CACF3FC24715C4F0006B75C /* headfile2.c */; };
		3CACF40024715C650006B75C /* global.c in Sources */ = {isa = PBXBuildFile; fileRef = 3CACF3FF24715C650006B75C /* global.c */; };
/* End PBXBuildFile section */

/* Begin PBXCopyFilesBuildPhase section */
		3CACF3EC24715BDF0006B75C /* CopyFiles */ = {
			isa = PBXCopyFilesBuildPhase;
			buildActionMask = 2147483647;
			dstPath = /usr/share/man/man1/;
			dstSubfolderSpec = 0;
			files = (
			);
			runOnlyForDeploymentPostprocessing = 1;
		};
/* End PBXCopyFilesBuildPhase section */

/* Begin PBXFileReference section */
		3CACF3EE24715BDF0006B75C /* Cheadfile */ = {isa = PBXFileReference; explicitFileType = "compiled.mach-o.executable"; includeInIndex = 0; path = Cheadfile; sourceTree = BUILT_PRODUCTS_DIR; };
		3CACF3F124715BDF0006B75C /* main.c */ = {isa = PBXFileReference; lastKnownFileType = sourcecode.c.c; path = main.c; sourceTree = "<group>"; };
		3CACF3F824715C2D0006B75C /* headfile1.h */ = {isa = PBXFileReference; lastKnownFileType = sourcecode.c.h; path = headfile1.h; sourceTree = "<group>"; };
		3CACF3F924715C2D0006B75C /* headfile1.c */ = {isa = PBXFileReference; lastKnownFileType = sourcecode.c.c; path = headfile1.c; sourceTree = "<group>"; };
		3CACF3FB24715C4F0006B75C /* headfile2.h */ = {isa = PBXFileReference; lastKnownFileType = sourcecode.c.h; path = headfile2.h; sourceTree = "<group>"; };
		3CACF3FC24715C4F0006B75C /* headfile2.c */ = {isa = PBXFileReference; lastKnownFileType = sourcecode.c.c; path = headfile2.c; sourceTree = "<group>"; };
		3CACF3FE24715C650006B75C /* global.h */ = {isa = PBXFileReference; lastKnownFileType = sourcecode.c.h; path = global.h; sourceTree = "<group>"; };
		3CACF3FF24715C650006B75C /* global.c */ = {isa = PBXFileReference; lastKnownFileType = sourcecode.c.c; path = global.c; sourceTree = "<group>"; };
/* End PBXFileReference section */

/* Begin PBXFrameworksBuildPhase section */
		3CACF3EB24715BDF0006B75C /* Frameworks */ = {
			isa = PBXFrameworksBuildPhase;
			buildActionMask = 2147483647;
			files = (
			);
			runOnlyForDeploymentPostprocessing = 0;
		};
/* End PBXFrameworksBuildPhase section */

/* Begin PBXGroup section */
		3CACF3E524715BDF0006B75C = {
			isa = PBXGroup;
			children = (
				3CACF3F024715BDF0006B75C /* Cheadfile */,
				3CACF3EF24715BDF0006B75C /* Products */,
			);
			sourceTree = "<group>";
		};
		3CACF3EF24715BDF0006B75C /* Products */ = {
			isa = PBXGroup;
			children = (
				3CACF3EE24715BDF0006B75C /* Cheadfile */,
			);
			name = Products;
			sourceTree = "<group>";
		};
		3CACF3F024715BDF0006B75C /* Cheadfile */ = {
			isa = PBXGroup;
			children = (
				3CACF3F124715BDF0006B75C /* main.c */,
				3CACF3F824715C2D0006B75C /* headfile1.h */,
				3CACF3F924715C2D0006B75C /* headfile1.c */,
				3CACF3FB24715C4F0006B75C /* headfile2.h */,
				3CACF3FC24715C4F0006B75C /* headfile2.c */,
				3CACF3FE24715C650006B75C /* global.h */,
				3CACF3FF24715C650006B75C /* global.c */,
			);
			path = Cheadfile;
			sourceTree = "<group>";
		};
/* End PBXGroup section */

/* Begin PBXNativeTarget section */
		3CACF3ED24715BDF0006B75C /* Cheadfile */ = {
			isa = PBXNativeTarget;
			buildConfigurationList = 3CACF3F524715BDF0006B75C /* Build configuration list for PBXNativeTarget "Cheadfile" */;
			buildPhases = (
				3CACF3EA24715BDF0006B75C /* Sources */,
				3CACF3EB24715BDF0006B75C /* Frameworks */,
				3CACF3EC24715BDF0006B75C /* CopyFiles */,
			);
			buildRules = (
			);
			dependencies = (
			);
			name = Cheadfile;
			productName = Cheadfile;
			productReference = 3CACF3EE24715BDF0006B75C /* Cheadfile */;
			productType = "com.apple.product-type.tool";
		};
/* End PBXNativeTarget section */

/* Begin PBXProject section */
		3CACF3E624715BDF0006B75C /* Project object */ = {
			isa = PBXProject;
			attributes = {
				LastUpgradeCheck = 1140;
				ORGANIZATIONNAME = Henry;
				TargetAttributes = {
					3CACF3ED24715BDF0006B75C = {
						CreatedOnToolsVersion = 11.4;
					};
				};
			};
			buildConfigurationList = 3CACF3E924715BDF0006B75C /* Build configuration list for PBXProject "Cheadfile" */;
			compatibilityVersion = "Xcode 9.3";
			developmentRegion = en;
			hasScannedForEncodings = 0;
			knownRegions = (
				en,
				Base,
			);
			mainGroup = 3CACF3E524715BDF0006B75C;
			productRefGroup = 3CACF3EF24715BDF0006B75C /* Products */;
			projectDirPath = "";
			projectRoot = "";
			targets = (
				3CACF3ED24715BDF0006B75C /* Cheadfile */,
			);
		};
/* End PBXProject section */

/* Begin PBXSourcesBuildPhase section */
		3CACF3EA24715BDF0006B75C /* Sources */ = {
			isa = PBXSourcesBuildPhase;
			buildActionMask = 2147483647;
			files = (
				3CACF3F224715BDF0006B75C /* main.c in Sources */,
				3CACF3FA24715C2D0006B75C /* headfile1.c in Sources */,
				3CACF40024715C650006B75C /* global.c in Sources */,
				3CACF3FD24715C4F0006B75C /* headfile2.c in Sources */,
			);
			runOnlyForDeploymentPostprocessing = 0;
		};
/* End PBXSourcesBuildPhase section */

/* Begin XCBuildConfiguration section */
		3CACF3F324715BDF0006B75C /* Debug */ = {
			isa = XCBuildConfiguration;
			buildSettings = {
				ALWAYS_SEARCH_USER_PATHS = NO;
				CLANG_ANALYZER_NONNULL = YES;
				CLANG_ANALYZER_NUMBER_OBJECT_CONVERSION = YES_AGGRESSIVE;
				CLANG_CXX_LANGUAGE_STANDARD = "gnu++14";
				CLANG_CXX_LIBRARY = "libc++";
				CLANG_ENABLE_MODULES = YES;
				CLANG_ENABLE_OBJC_ARC = YES;
				CLANG_ENABLE_OBJC_WEAK = YES;
				CLANG_WARN_BLOCK_CAPTURE_AUTORELEASING = YES;
				CLANG_WARN_BOOL_CONVERSION = YES;
				CLANG_WARN_COMMA = YES;
				CLANG_WARN_CONSTANT_CONVERSION = YES;
				CLANG_WARN_DEPRECATED_OBJC_IMPLEMENTATIONS = YES;
				CLANG_WARN_DIRECT_OBJC_ISA_USAGE = YES_ERROR;
				CLANG_WARN_DOCUMENTATION_COMMENTS = YES;
				CLANG_WARN_EMPTY_BODY = YES;
				CLANG_WARN_ENUM_CONVERSION = YES;
				CLANG_WARN_INFINITE_RECURSION = YES;
				CLANG_WARN_INT_CONVERSION = YES;
				CLANG_WARN_NON_LITERAL_NULL_CONVERSION = YES;
				CLANG_WARN_OBJC_IMPLICIT_RETAIN_SELF = YES;
				CLANG_WARN_OBJC_LITERAL_CONVERSION = YES;
				CLANG_WARN_OBJC_ROOT_CLASS = YES_ERROR;
				CLANG_WARN_RANGE_LOOP_ANALYSIS = YES;
				CLANG_WARN_STRICT_PROTOTYPES = YES;
				CLANG_WARN_SUSPICIOUS_MOVE = YES;
				CLANG_WARN_UNGUARDED_AVAILABILITY = YES_AGGRESSIVE;
				CLANG_WARN_UNREACHABLE_CODE = YES;
				CLANG_WARN__DUPLICATE_METHOD_MATCH = YES;
				COPY_PHASE_STRIP = NO;
				DEBUG_INFORMATION_FORMAT = dwarf;
				ENABLE_STRICT_OBJC_MSGSEND = YES;
				ENABLE_TESTABILITY = YES;
				GCC_C_LANGUAGE_STANDARD = gnu11;
				GCC_DYNAMIC_NO_PIC = NO;
				GCC_NO_COMMON_BLOCKS = YES;
				GCC_OPTIMIZATION_LEVEL = 0;
				GCC_PREPROCESSOR_DEFINITIONS = (
					"DEBUG=1",
					"$(inherited)",
				);
				GCC_WARN_64_TO_32_BIT_CONVERSION = YES;
				GCC_WARN_ABOUT_RETURN_TYPE = YES_ERROR;
				GCC_WARN_UNDECLARED_SELECTOR = YES;
				GCC_WARN_UNINITIALIZED_AUTOS = YES_AGGRESSIVE;
				GCC_WARN_UNUSED_FUNCTION = YES;
				GCC_WARN_UNUSED_VARIABLE = YES;
				MACOSX_DEPLOYMENT_TARGET = 10.15;
				MTL_ENABLE_DEBUG_INFO = INCLUDE_SOURCE;
				MTL_FAST_MATH = YES;
				ONLY_ACTIVE_ARCH = YES;
				SDKROOT = macosx;
			};
			name = Debug;
		};
		3CACF3F424715BDF0006B75C /* Release */ = {
			isa = XCBuildConfiguration;
			buildSettings = {
				ALWAYS_SEARCH_USER_PATHS = NO;
				CLANG_ANALYZER_NONNULL = YES;
				CLANG_ANALYZER_NUMBER_OBJECT_CONVERSION = YES_AGGRESSIVE;
				CLANG_CXX_LANGUAGE_STANDARD = "gnu++14";
				CLANG_CXX_LIBRARY = "libc++";
				CLANG_ENABLE_MODULES = YES;
				CLANG_ENABLE_OBJC_ARC = YES;
				CLANG_ENABLE_OBJC_WEAK = YES;
				CLANG_WARN_BLOCK_CAPTURE_AUTORELEASING = YES;
				CLANG_WARN_BOOL_CONVERSION = YES;
				CLANG_WARN_COMMA = YES;
				CLANG_WARN_CONSTANT_CONVERSION = YES;
				CLANG_WARN_DEPRECATED_OBJC_IMPLEMENTATIONS = YES;
				CLANG_WARN_DIRECT_OBJC_ISA_USAGE = YES_ERROR;
				CLANG_WARN_DOCUMENTATION_COMMENTS = YES;
				CLANG_WARN_EMPTY_BODY = YES;
				CLANG_WARN_ENUM_CONVERSION = YES;
				CLANG_WARN_INFINITE_RECURSION = YES;
				CLANG_WARN_INT_CONVERSION = YES;
				CLANG_WARN_NON_LITERAL_NULL_CONVERSION = YES;
				CLANG_WARN_OBJC_IMPLICIT_RETAIN_SELF = YES;
				CLANG_WARN_OBJC_LITERAL_CONVERSION = YES;
				CLANG_WARN_OBJC_ROOT_CLASS = YES_ERROR;
				CLANG_WARN_RANGE_LOOP_ANALYSIS = YES;
				CLANG_WARN_STRICT_PROTOTYPES = YES;
				CLANG_WARN_SUSPICIOUS_MOVE = YES;
				CLANG_WARN_UNGUARDED_AVAILABILITY = YES_AGGRESSIVE;
				CLANG_WARN_UNREACHABLE_CODE = YES;
				CLANG_WARN__DUPLICATE_METHOD_MATCH = YES;
				COPY_PHASE_STRIP = NO;
				DEBUG_INFORMATION_FORMAT = "dwarf-with-dsym";
				ENABLE_NS_ASSERTIONS = NO;
				ENABLE_STRICT_OBJC_MSGSEND = YES;
				GCC_C_LANGUAGE_STANDARD = gnu11;
				GCC_NO_COMMON_BLOCKS = YES;
				GCC_WARN_64_TO_32_BIT_CONVERSION = YES;
				GCC_WARN_ABOUT_RETURN_TYPE = YES_ERROR;
				GCC_WARN_UNDECLARED_SELECTOR = YES;
				GCC_WARN_UNINITIALIZED_AUTOS = YES_AGGRESSIVE;
				GCC_WARN_UNUSED_FUNCTION = YES;
				GCC_WARN_UNUSED_VARIABLE = YES;
				MACOSX_DEPLOYMENT_TARGET = 10.15;
				MTL_ENABLE_DEBUG_INFO = NO;
				MTL_FAST_MATH = YES;
				SDKROOT = macosx;
			};
			name = Release;
		};
		3CACF3F624715BDF0006B75C /* Debug */ = {
			isa = XCBuildConfiguration;
			buildSettings = {
				CODE_SIGN_STYLE = Automatic;
				PRODUCT_NAME = "$(TARGET_NAME)";
			};
			name = Debug;
		};
		3CACF3F724715BDF0006B75C /* Release */ = {
			isa = XCBuildConfiguration;
			buildSettings = {
				CODE_SIGN_STYLE = Automatic;
				PRODUCT_NAME = "$(TARGET_NAME)";
			};
			name = Release;
		};
/* End XCBuildConfiguration section */

/* Begin XCConfigurationList section */
		3CACF3E924715BDF0006B75C /* Build configuration list for PBXProject "Cheadfile" */ = {
			isa = XCConfigurationList;
			buildConfigurations = (
				3CACF3F324715BDF0006B75C /* Debug */,
				3CACF3F424715BDF0006B75C /* Release */,
			);
			defaultConfigurationIsVisible = 0;
			defaultConfigurationName = Release;
		};
		3CACF3F524715BDF0006B75C /* Build configuration list for PBXNativeTarget "Cheadfile" */ = {
			isa = XCConfigurationList;
			buildConfigurations = (
				3CACF3F624715BDF0006B75C /* Debug */,
				3CACF3F724715BDF0006B75C /* Release */,
			);
			defaultConfigurationIsVisible = 0;
			defaultConfigurationName = Release;
		};
/* End XCConfigurationList section */
	};
	rootObject = 3CACF3E624715BDF0006B75C /* Project object */;
}
